{
  "name": "tuya_repair",
  "lockfileVersion": 3,
  "requires": true,
  "packages": {
    "": {
      "dependencies": {
        "deepseek-sdk": "^1.0.0"
      }
    },
    "node_modules/deepseek-sdk": {
      "version": "1.0.0",
      "resolved": "https://registry.npmjs.org/deepseek-sdk/-/deepseek-sdk-1.0.0.tgz",
      "integrity": "sha512-E2kfO8r3/xoi+WsgBlNDyjcbUPQ+iYt4kVRtTu/imMkd++c5jk28lVG17f9oZjTotAwLjf6GupoLhuaaeuLNpQ==",
      "license": "ISC"
    }
  }
}
