{
  "name": "tuya_repair",
  "lockfileVersion": 3,
  "requires": true,
  "packages": {
    "": {
      "dependencies": {
        "deepseek-sdk": "^1.0.0"
      },
      "devDependencies": {
        "typescript": "^5.9.2"
      }
    },
    "node_modules/deepseek-sdk": {
      "version": "1.0.0",
      "resolved": "https://registry.npmjs.org/deepseek-sdk/-/deepseek-sdk-1.0.0.tgz",
      "integrity": "sha512-E2kfO8r3/xoi+WsgBlNDyjcbUPQ+iYt4kVRtTu/imMkd++c5jk28lVG17f9oZjTotAwLjf6GupoLhuaaeuLNpQ==",
      "license": "ISC"
    },
    "node_modules/typescript": {
      "version": "5.9.2",
      "resolved": "https://registry.npmjs.org/typescript/-/typescript-5.9.2.tgz",
      "integrity": "sha512-CWBzXQrc/qOkhidw1OzBTQuYRbfyxDXJMVJ1XNwUHGROVmuaeiEm3OslpZ1RV96d7SKKjZKrSJu3+t/xlw3R9A==",
      "dev": true,
      "license": "Apache-2.0",
      "bin": {
        "tsc": "bin/tsc",
        "tsserver": "bin/tsserver"
      },
      "engines": {
        "node": ">=14.17"
      }
    }
  }
}
